
Microsoft Visual Studio Solution File, Format Version 12.00
# Visual Studio Version 17
VisualStudioVersion = 17.14.36511.14 d17.14
MinimumVisualStudioVersion = 10.0.40219.1
Project("{FAE04EC0-301F-11D3-BF4B-00C04F79EFBC}") = "ConwaysGameofLife", "ConwaysGameofLife\ConwaysGameofLife.csproj", "{978ADB82-8C99-433C-8468-7FF8E04B0F7D}"
EndProject
Global
	GlobalSection(SolutionConfigurationPlatforms) = preSolution
		Debug|Any CPU = Debug|Any CPU
		Release|Any CPU = Release|Any CPU
	EndGlobalSection
	GlobalSection(ProjectConfigurationPlatforms) = postSolution
		{978ADB82-8C99-433C-8468-7FF8E04B0F7D}.Debug|Any CPU.ActiveCfg = Debug|Any CPU
		{978ADB82-8C99-433C-8468-7FF8E04B0F7D}.Debug|Any CPU.Build.0 = Debug|Any CPU
		{978ADB82-8C99-433C-8468-7FF8E04B0F7D}.Release|Any CPU.ActiveCfg = Release|Any CPU
		{978ADB82-8C99-433C-8468-7FF8E04B0F7D}.Release|Any CPU.Build.0 = Release|Any CPU
	EndGlobalSection
	GlobalSection(SolutionProperties) = preSolution
		HideSolutionNode = FALSE
	EndGlobalSection
	GlobalSection(ExtensibilityGlobals) = postSolution
		SolutionGuid = {96FA4BD7-16BC-43F1-86B1-B404AEFF7150}
	EndGlobalSection
EndGlobal
